// !$*UTF8*$!
{
	archiveVersion = 1;
	classes = {
	};
	objectVersion = 55;
	objects = {

/* Begin PBXBuildFile section */
		50F4572E27EA57D700CF9A99 /* AppDelegate.swift in Sources */ = {isa = PBXBuildFile; fileRef = 50F4572D27EA57D700CF9A99 /* AppDelegate.swift */; };
		50F4573027EA57D700CF9A99 /* SceneDelegate.swift in Sources */ = {isa = PBXBuildFile; fileRef = 50F4572F27EA57D700CF9A99 /* SceneDelegate.swift */; };
		50F4573227EA57D700CF9A99 /* ViewController.swift in Sources */ = {isa = PBXBuildFile; fileRef = 50F4573127EA57D700CF9A99 /* ViewController.swift */; };
		50F4573527EA57D700CF9A99 /* Main.storyboard in Resources */ = {isa = PBXBuildFile; fileRef = 50F4573327EA57D700CF9A99 /* Main.storyboard */; };
		50F4573727EA57D900CF9A99 /* Assets.xcassets in Resources */ = {isa = PBXBuildFile; fileRef = 50F4573627EA57D900CF9A99 /* Assets.xcassets */; };
		50F4573A27EA57D900CF9A99 /* LaunchScreen.storyboard in Resources */ = {isa = PBXBuildFile; fileRef = 50F4573827EA57D900CF9A99 /* LaunchScreen.storyboard */; };
		50F4574527EA5AEC00CF9A99 /* ShowRaw.swift in Sources */ = {isa = PBXBuildFile; fileRef = 50F4574427EA5AEC00CF9A99 /* ShowRaw.swift */; };
		50F4574B27EA628900CF9A99 /* ResultsRaw.swift in Sources */ = {isa = PBXBuildFile; fileRef = 50F4574A27EA628900CF9A99 /* ResultsRaw.swift */; };
		50F4574E27EA663000CF9A99 /* NetworkManager.swift in Sources */ = {isa = PBXBuildFile; fileRef = 50F4574D27EA663000CF9A99 /* NetworkManager.swift */; };
		50F4575027EA67D900CF9A99 /* LinkBuilder.swift in Sources */ = {isa = PBXBuildFile; fileRef = 50F4574F27EA67D900CF9A99 /* LinkBuilder.swift */; };
		A50ACA8527ECFEBF0084E069 /* DetailedShowInfoViewController.swift in Sources */ = {isa = PBXBuildFile; fileRef = A50ACA8427ECFEBF0084E069 /* DetailedShowInfoViewController.swift */; };
		A50ACA8727ECFEEA0084E069 /* ViewControllerFactory.swift in Sources */ = {isa = PBXBuildFile; fileRef = A50ACA8627ECFEEA0084E069 /* ViewControllerFactory.swift */; };
		A52CBB5027EB13F900AAE018 /* ApiKeys.plist in Resources */ = {isa = PBXBuildFile; fileRef = A52CBB4F27EB13F900AAE018 /* ApiKeys.plist */; };
		A52CBB5227EB19B600AAE018 /* ShowManager.swift in Sources */ = {isa = PBXBuildFile; fileRef = A52CBB5127EB19B600AAE018 /* ShowManager.swift */; };
		A52CBB5427EB2CED00AAE018 /* MinimizedShow.swift in Sources */ = {isa = PBXBuildFile; fileRef = A52CBB5327EB2CED00AAE018 /* MinimizedShow.swift */; };
		A52CBB5E27EBA05B00AAE018 /* CollectionTabeViewCell.swift in Sources */ = {isa = PBXBuildFile; fileRef = A52CBB5C27EBA05B00AAE018 /* CollectionTabeViewCell.swift */; };
		A52CBB5F27EBA05B00AAE018 /* CollectionTableViewCell.xib in Resources */ = {isa = PBXBuildFile; fileRef = A52CBB5D27EBA05B00AAE018 /* CollectionTableViewCell.xib */; };
		A52CBB6227EBA0A200AAE018 /* MovieCollectionViewCell.swift in Sources */ = {isa = PBXBuildFile; fileRef = A52CBB6027EBA0A200AAE018 /* MovieCollectionViewCell.swift */; };
		A52CBB6327EBA0A200AAE018 /* MovieCollectionViewCell.xib in Resources */ = {isa = PBXBuildFile; fileRef = A52CBB6127EBA0A200AAE018 /* MovieCollectionViewCell.xib */; };
		A58EC2A127EE2DA9007566DC /* DetailedMovieView.swift in Sources */ = {isa = PBXBuildFile; fileRef = A58EC2A027EE2DA9007566DC /* DetailedMovieView.swift */; };
		A58EC2A327EE2E37007566DC /* DetailedMovieView.xib in Resources */ = {isa = PBXBuildFile; fileRef = A58EC2A227EE2E37007566DC /* DetailedMovieView.xib */; };
		A59434BE27ECB0AF008B435E /* String+Utility.swift in Sources */ = {isa = PBXBuildFile; fileRef = A59434BD27ECB0AF008B435E /* String+Utility.swift */; };
/* End PBXBuildFile section */

/* Begin PBXFileReference section */
		50F4572A27EA57D700CF9A99 /* MovieNight.app */ = {isa = PBXFileReference; explicitFileType = wrapper.application; includeInIndex = 0; path = MovieNight.app; sourceTree = BUILT_PRODUCTS_DIR; };
		50F4572D27EA57D700CF9A99 /* AppDelegate.swift */ = {isa = PBXFileReference; lastKnownFileType = sourcecode.swift; path = AppDelegate.swift; sourceTree = "<group>"; };
		50F4572F27EA57D700CF9A99 /* SceneDelegate.swift */ = {isa = PBXFileReference; lastKnownFileType = sourcecode.swift; path = SceneDelegate.swift; sourceTree = "<group>"; };
		50F4573127EA57D700CF9A99 /* ViewController.swift */ = {isa = PBXFileReference; lastKnownFileType = sourcecode.swift; path = ViewController.swift; sourceTree = "<group>"; };
		50F4573427EA57D700CF9A99 /* Base */ = {isa = PBXFileReference; lastKnownFileType = file.storyboard; name = Base; path = Base.lproj/Main.storyboard; sourceTree = "<group>"; };
		50F4573627EA57D900CF9A99 /* Assets.xcassets */ = {isa = PBXFileReference; lastKnownFileType = folder.assetcatalog; path = Assets.xcassets; sourceTree = "<group>"; };
		50F4573927EA57D900CF9A99 /* Base */ = {isa = PBXFileReference; lastKnownFileType = file.storyboard; name = Base; path = Base.lproj/LaunchScreen.storyboard; sourceTree = "<group>"; };
		50F4573B27EA57D900CF9A99 /* Info.plist */ = {isa = PBXFileReference; lastKnownFileType = text.plist.xml; path = Info.plist; sourceTree = "<group>"; };
		50F4574427EA5AEC00CF9A99 /* ShowRaw.swift */ = {isa = PBXFileReference; lastKnownFileType = sourcecode.swift; path = ShowRaw.swift; sourceTree = "<group>"; };
		50F4574A27EA628900CF9A99 /* ResultsRaw.swift */ = {isa = PBXFileReference; lastKnownFileType = sourcecode.swift; path = ResultsRaw.swift; sourceTree = "<group>"; };
		50F4574D27EA663000CF9A99 /* NetworkManager.swift */ = {isa = PBXFileReference; lastKnownFileType = sourcecode.swift; path = NetworkManager.swift; sourceTree = "<group>"; };
		50F4574F27EA67D900CF9A99 /* LinkBuilder.swift */ = {isa = PBXFileReference; lastKnownFileType = sourcecode.swift; path = LinkBuilder.swift; sourceTree = "<group>"; };
		A50ACA8427ECFEBF0084E069 /* DetailedShowInfoViewController.swift */ = {isa = PBXFileReference; lastKnownFileType = sourcecode.swift; path = DetailedShowInfoViewController.swift; sourceTree = "<group>"; };
		A50ACA8627ECFEEA0084E069 /* ViewControllerFactory.swift */ = {isa = PBXFileReference; lastKnownFileType = sourcecode.swift; path = ViewControllerFactory.swift; sourceTree = "<group>"; };
		A52CBB4F27EB13F900AAE018 /* ApiKeys.plist */ = {isa = PBXFileReference; lastKnownFileType = text.plist.xml; path = ApiKeys.plist; sourceTree = "<group>"; };
		A52CBB5127EB19B600AAE018 /* ShowManager.swift */ = {isa = PBXFileReference; lastKnownFileType = sourcecode.swift; path = ShowManager.swift; sourceTree = "<group>"; };
		A52CBB5327EB2CED00AAE018 /* MinimizedShow.swift */ = {isa = PBXFileReference; lastKnownFileType = sourcecode.swift; path = MinimizedShow.swift; sourceTree = "<group>"; };
		A52CBB5C27EBA05B00AAE018 /* CollectionTabeViewCell.swift */ = {isa = PBXFileReference; lastKnownFileType = sourcecode.swift; path = CollectionTabeViewCell.swift; sourceTree = "<group>"; };
		A52CBB5D27EBA05B00AAE018 /* CollectionTableViewCell.xib */ = {isa = PBXFileReference; lastKnownFileType = file.xib; path = CollectionTableViewCell.xib; sourceTree = "<group>"; };
		A52CBB6027EBA0A200AAE018 /* MovieCollectionViewCell.swift */ = {isa = PBXFileReference; lastKnownFileType = sourcecode.swift; path = MovieCollectionViewCell.swift; sourceTree = "<group>"; };
		A52CBB6127EBA0A200AAE018 /* MovieCollectionViewCell.xib */ = {isa = PBXFileReference; lastKnownFileType = file.xib; path = MovieCollectionViewCell.xib; sourceTree = "<group>"; };
		A58EC2A027EE2DA9007566DC /* DetailedMovieView.swift */ = {isa = PBXFileReference; lastKnownFileType = sourcecode.swift; path = DetailedMovieView.swift; sourceTree = "<group>"; };
		A58EC2A227EE2E37007566DC /* DetailedMovieView.xib */ = {isa = PBXFileReference; lastKnownFileType = file.xib; path = DetailedMovieView.xib; sourceTree = "<group>"; };
		A59434BD27ECB0AF008B435E /* String+Utility.swift */ = {isa = PBXFileReference; lastKnownFileType = sourcecode.swift; path = "String+Utility.swift"; sourceTree = "<group>"; };
/* End PBXFileReference section */

/* Begin PBXFrameworksBuildPhase section */
		50F4572727EA57D700CF9A99 /* Frameworks */ = {
			isa = PBXFrameworksBuildPhase;
			buildActionMask = 2147483647;
			files = (
			);
			runOnlyForDeploymentPostprocessing = 0;
		};
/* End PBXFrameworksBuildPhase section */

/* Begin PBXGroup section */
		50F4572127EA57D700CF9A99 = {
			isa = PBXGroup;
			children = (
				50F4572C27EA57D700CF9A99 /* MovieNight */,
				50F4572B27EA57D700CF9A99 /* Products */,
			);
			sourceTree = "<group>";
		};
		50F4572B27EA57D700CF9A99 /* Products */ = {
			isa = PBXGroup;
			children = (
				50F4572A27EA57D700CF9A99 /* MovieNight.app */,
			);
			name = Products;
			sourceTree = "<group>";
		};
		50F4572C27EA57D700CF9A99 /* MovieNight */ = {
			isa = PBXGroup;
			children = (
				50F4572D27EA57D700CF9A99 /* AppDelegate.swift */,
				A52CBB4F27EB13F900AAE018 /* ApiKeys.plist */,
				50F4572F27EA57D700CF9A99 /* SceneDelegate.swift */,
				A50ACA8327ECFE960084E069 /* ViewControllers */,
				A59434BC27ECB09A008B435E /* Utilities */,
				A52CBB5527EB994D00AAE018 /* Views */,
				50F4574C27EA661D00CF9A99 /* Managers */,
				50F4574327EA5ADE00CF9A99 /* Models */,
				50F4573327EA57D700CF9A99 /* Main.storyboard */,
				50F4573627EA57D900CF9A99 /* Assets.xcassets */,
				50F4573827EA57D900CF9A99 /* LaunchScreen.storyboard */,
				50F4573B27EA57D900CF9A99 /* Info.plist */,
			);
			path = MovieNight;
			sourceTree = "<group>";
		};
		50F4574327EA5ADE00CF9A99 /* Models */ = {
			isa = PBXGroup;
			children = (
				50F4574427EA5AEC00CF9A99 /* ShowRaw.swift */,
				A52CBB5327EB2CED00AAE018 /* MinimizedShow.swift */,
				50F4574A27EA628900CF9A99 /* ResultsRaw.swift */,
			);
			path = Models;
			sourceTree = "<group>";
		};
		50F4574C27EA661D00CF9A99 /* Managers */ = {
			isa = PBXGroup;
			children = (
				50F4574D27EA663000CF9A99 /* NetworkManager.swift */,
				A52CBB5127EB19B600AAE018 /* ShowManager.swift */,
				50F4574F27EA67D900CF9A99 /* LinkBuilder.swift */,
			);
			path = Managers;
			sourceTree = "<group>";
		};
		A50ACA8327ECFE960084E069 /* ViewControllers */ = {
			isa = PBXGroup;
			children = (
				50F4573127EA57D700CF9A99 /* ViewController.swift */,
				A50ACA8427ECFEBF0084E069 /* DetailedShowInfoViewController.swift */,
			);
			path = ViewControllers;
			sourceTree = "<group>";
		};
		A50ACA8827ECFF910084E069 /* VC Factory */ = {
			isa = PBXGroup;
			children = (
				A50ACA8627ECFEEA0084E069 /* ViewControllerFactory.swift */,
			);
			path = "VC Factory";
			sourceTree = "<group>";
		};
		A52CBB5527EB994D00AAE018 /* Views */ = {
			isa = PBXGroup;
			children = (
				A52CBB5B27EBA02D00AAE018 /* CollectionViewCell */,
				A52CBB5A27EBA01B00AAE018 /* CollectionTableViewCell */,
				A58EC2A027EE2DA9007566DC /* DetailedMovieView.swift */,
				A58EC2A227EE2E37007566DC /* DetailedMovieView.xib */,
			);
			path = Views;
			sourceTree = "<group>";
		};
		A52CBB5A27EBA01B00AAE018 /* CollectionTableViewCell */ = {
			isa = PBXGroup;
			children = (
				A52CBB5C27EBA05B00AAE018 /* CollectionTabeViewCell.swift */,
				A52CBB5D27EBA05B00AAE018 /* CollectionTableViewCell.xib */,
			);
			path = CollectionTableViewCell;
			sourceTree = "<group>";
		};
		A52CBB5B27EBA02D00AAE018 /* CollectionViewCell */ = {
			isa = PBXGroup;
			children = (
				A52CBB6027EBA0A200AAE018 /* MovieCollectionViewCell.swift */,
				A52CBB6127EBA0A200AAE018 /* MovieCollectionViewCell.xib */,
			);
			path = CollectionViewCell;
			sourceTree = "<group>";
		};
		A59434BC27ECB09A008B435E /* Utilities */ = {
			isa = PBXGroup;
			children = (
				A50ACA8827ECFF910084E069 /* VC Factory */,
				A59434BD27ECB0AF008B435E /* String+Utility.swift */,
			);
			path = Utilities;
			sourceTree = "<group>";
		};
/* End PBXGroup section */

/* Begin PBXNativeTarget section */
		50F4572927EA57D700CF9A99 /* MovieNight */ = {
			isa = PBXNativeTarget;
			buildConfigurationList = 50F4573E27EA57D900CF9A99 /* Build configuration list for PBXNativeTarget "MovieNight" */;
			buildPhases = (
				50F4572627EA57D700CF9A99 /* Sources */,
				50F4572727EA57D700CF9A99 /* Frameworks */,
				50F4572827EA57D700CF9A99 /* Resources */,
			);
			buildRules = (
			);
			dependencies = (
			);
			name = MovieNight;
			productName = MovieNight;
			productReference = 50F4572A27EA57D700CF9A99 /* MovieNight.app */;
			productType = "com.apple.product-type.application";
		};
/* End PBXNativeTarget section */

/* Begin PBXProject section */
		50F4572227EA57D700CF9A99 /* Project object */ = {
			isa = PBXProject;
			attributes = {
				BuildIndependentTargetsInParallel = 1;
				LastSwiftUpdateCheck = 1320;
				LastUpgradeCheck = 1320;
				TargetAttributes = {
					50F4572927EA57D700CF9A99 = {
						CreatedOnToolsVersion = 13.2.1;
					};
				};
			};
			buildConfigurationList = 50F4572527EA57D700CF9A99 /* Build configuration list for PBXProject "MovieNight" */;
			compatibilityVersion = "Xcode 13.0";
			developmentRegion = en;
			hasScannedForEncodings = 0;
			knownRegions = (
				en,
				Base,
			);
			mainGroup = 50F4572127EA57D700CF9A99;
			productRefGroup = 50F4572B27EA57D700CF9A99 /* Products */;
			projectDirPath = "";
			projectRoot = "";
			targets = (
				50F4572927EA57D700CF9A99 /* MovieNight */,
			);
		};
/* End PBXProject section */

/* Begin PBXResourcesBuildPhase section */
		50F4572827EA57D700CF9A99 /* Resources */ = {
			isa = PBXResourcesBuildPhase;
			buildActionMask = 2147483647;
			files = (
				50F4573A27EA57D900CF9A99 /* LaunchScreen.storyboard in Resources */,
				A52CBB5F27EBA05B00AAE018 /* CollectionTableViewCell.xib in Resources */,
				A52CBB5027EB13F900AAE018 /* ApiKeys.plist in Resources */,
				A58EC2A327EE2E37007566DC /* DetailedMovieView.xib in Resources */,
				50F4573727EA57D900CF9A99 /* Assets.xcassets in Resources */,
				50F4573527EA57D700CF9A99 /* Main.storyboard in Resources */,
				A52CBB6327EBA0A200AAE018 /* MovieCollectionViewCell.xib in Resources */,
			);
			runOnlyForDeploymentPostprocessing = 0;
		};
/* End PBXResourcesBuildPhase section */

/* Begin PBXSourcesBuildPhase section */
		50F4572627EA57D700CF9A99 /* Sources */ = {
			isa = PBXSourcesBuildPhase;
			buildActionMask = 2147483647;
			files = (
				A52CBB5E27EBA05B00AAE018 /* CollectionTabeViewCell.swift in Sources */,
				A58EC2A127EE2DA9007566DC /* DetailedMovieView.swift in Sources */,
				A50ACA8727ECFEEA0084E069 /* ViewControllerFactory.swift in Sources */,
				A52CBB5227EB19B600AAE018 /* ShowManager.swift in Sources */,
				50F4574E27EA663000CF9A99 /* NetworkManager.swift in Sources */,
				50F4574B27EA628900CF9A99 /* ResultsRaw.swift in Sources */,
				50F4574527EA5AEC00CF9A99 /* ShowRaw.swift in Sources */,
				50F4573227EA57D700CF9A99 /* ViewController.swift in Sources */,
				50F4575027EA67D900CF9A99 /* LinkBuilder.swift in Sources */,
				A52CBB5427EB2CED00AAE018 /* MinimizedShow.swift in Sources */,
				A50ACA8527ECFEBF0084E069 /* DetailedShowInfoViewController.swift in Sources */,
				A52CBB6227EBA0A200AAE018 /* MovieCollectionViewCell.swift in Sources */,
				50F4572E27EA57D700CF9A99 /* AppDelegate.swift in Sources */,
				50F4573027EA57D700CF9A99 /* SceneDelegate.swift in Sources */,
				A59434BE27ECB0AF008B435E /* String+Utility.swift in Sources */,
			);
			runOnlyForDeploymentPostprocessing = 0;
		};
/* End PBXSourcesBuildPhase section */

/* Begin PBXVariantGroup section */
		50F4573327EA57D700CF9A99 /* Main.storyboard */ = {
			isa = PBXVariantGroup;
			children = (
				50F4573427EA57D700CF9A99 /* Base */,
			);
			name = Main.storyboard;
			sourceTree = "<group>";
		};
		50F4573827EA57D900CF9A99 /* LaunchScreen.storyboard */ = {
			isa = PBXVariantGroup;
			children = (
				50F4573927EA57D900CF9A99 /* Base */,
			);
			name = LaunchScreen.storyboard;
			sourceTree = "<group>";
		};
/* End PBXVariantGroup section */

/* Begin XCBuildConfiguration section */
		50F4573C27EA57D900CF9A99 /* Debug */ = {
			isa = XCBuildConfiguration;
			buildSettings = {
				ALWAYS_SEARCH_USER_PATHS = NO;
				CLANG_ANALYZER_NONNULL = YES;
				CLANG_ANALYZER_NUMBER_OBJECT_CONVERSION = YES_AGGRESSIVE;
				CLANG_CXX_LANGUAGE_STANDARD = "gnu++17";
				CLANG_CXX_LIBRARY = "libc++";
				CLANG_ENABLE_MODULES = YES;
				CLANG_ENABLE_OBJC_ARC = YES;
				CLANG_ENABLE_OBJC_WEAK = YES;
				CLANG_WARN_BLOCK_CAPTURE_AUTORELEASING = YES;
				CLANG_WARN_BOOL_CONVERSION = YES;
				CLANG_WARN_COMMA = YES;
				CLANG_WARN_CONSTANT_CONVERSION = YES;
				CLANG_WARN_DEPRECATED_OBJC_IMPLEMENTATIONS = YES;
				CLANG_WARN_DIRECT_OBJC_ISA_USAGE = YES_ERROR;
				CLANG_WARN_DOCUMENTATION_COMMENTS = YES;
				CLANG_WARN_EMPTY_BODY = YES;
				CLANG_WARN_ENUM_CONVERSION = YES;
				CLANG_WARN_INFINITE_RECURSION = YES;
				CLANG_WARN_INT_CONVERSION = YES;
				CLANG_WARN_NON_LITERAL_NULL_CONVERSION = YES;
				CLANG_WARN_OBJC_IMPLICIT_RETAIN_SELF = YES;
				CLANG_WARN_OBJC_LITERAL_CONVERSION = YES;
				CLANG_WARN_OBJC_ROOT_CLASS = YES_ERROR;
				CLANG_WARN_QUOTED_INCLUDE_IN_FRAMEWORK_HEADER = YES;
				CLANG_WARN_RANGE_LOOP_ANALYSIS = YES;
				CLANG_WARN_STRICT_PROTOTYPES = YES;
				CLANG_WARN_SUSPICIOUS_MOVE = YES;
				CLANG_WARN_UNGUARDED_AVAILABILITY = YES_AGGRESSIVE;
				CLANG_WARN_UNREACHABLE_CODE = YES;
				CLANG_WARN__DUPLICATE_METHOD_MATCH = YES;
				COPY_PHASE_STRIP = NO;
				DEBUG_INFORMATION_FORMAT = dwarf;
				ENABLE_STRICT_OBJC_MSGSEND = YES;
				ENABLE_TESTABILITY = YES;
				GCC_C_LANGUAGE_STANDARD = gnu11;
				GCC_DYNAMIC_NO_PIC = NO;
				GCC_NO_COMMON_BLOCKS = YES;
				GCC_OPTIMIZATION_LEVEL = 0;
				GCC_PREPROCESSOR_DEFINITIONS = (
					"DEBUG=1",
					"$(inherited)",
				);
				GCC_WARN_64_TO_32_BIT_CONVERSION = YES;
				GCC_WARN_ABOUT_RETURN_TYPE = YES_ERROR;
				GCC_WARN_UNDECLARED_SELECTOR = YES;
				GCC_WARN_UNINITIALIZED_AUTOS = YES_AGGRESSIVE;
				GCC_WARN_UNUSED_FUNCTION = YES;
				GCC_WARN_UNUSED_VARIABLE = YES;
				IPHONEOS_DEPLOYMENT_TARGET = 13.0;
				MTL_ENABLE_DEBUG_INFO = INCLUDE_SOURCE;
				MTL_FAST_MATH = YES;
				ONLY_ACTIVE_ARCH = YES;
				SDKROOT = iphoneos;
				SWIFT_ACTIVE_COMPILATION_CONDITIONS = DEBUG;
				SWIFT_OPTIMIZATION_LEVEL = "-Onone";
			};
			name = Debug;
		};
		50F4573D27EA57D900CF9A99 /* Release */ = {
			isa = XCBuildConfiguration;
			buildSettings = {
				ALWAYS_SEARCH_USER_PATHS = NO;
				CLANG_ANALYZER_NONNULL = YES;
				CLANG_ANALYZER_NUMBER_OBJECT_CONVERSION = YES_AGGRESSIVE;
				CLANG_CXX_LANGUAGE_STANDARD = "gnu++17";
				CLANG_CXX_LIBRARY = "libc++";
				CLANG_ENABLE_MODULES = YES;
				CLANG_ENABLE_OBJC_ARC = YES;
				CLANG_ENABLE_OBJC_WEAK = YES;
				CLANG_WARN_BLOCK_CAPTURE_AUTORELEASING = YES;
				CLANG_WARN_BOOL_CONVERSION = YES;
				CLANG_WARN_COMMA = YES;
				CLANG_WARN_CONSTANT_CONVERSION = YES;
				CLANG_WARN_DEPRECATED_OBJC_IMPLEMENTATIONS = YES;
				CLANG_WARN_DIRECT_OBJC_ISA_USAGE = YES_ERROR;
				CLANG_WARN_DOCUMENTATION_COMMENTS = YES;
				CLANG_WARN_EMPTY_BODY = YES;
				CLANG_WARN_ENUM_CONVERSION = YES;
				CLANG_WARN_INFINITE_RECURSION = YES;
				CLANG_WARN_INT_CONVERSION = YES;
				CLANG_WARN_NON_LITERAL_NULL_CONVERSION = YES;
				CLANG_WARN_OBJC_IMPLICIT_RETAIN_SELF = YES;
				CLANG_WARN_OBJC_LITERAL_CONVERSION = YES;
				CLANG_WARN_OBJC_ROOT_CLASS = YES_ERROR;
				CLANG_WARN_QUOTED_INCLUDE_IN_FRAMEWORK_HEADER = YES;
				CLANG_WARN_RANGE_LOOP_ANALYSIS = YES;
				CLANG_WARN_STRICT_PROTOTYPES = YES;
				CLANG_WARN_SUSPICIOUS_MOVE = YES;
				CLANG_WARN_UNGUARDED_AVAILABILITY = YES_AGGRESSIVE;
				CLANG_WARN_UNREACHABLE_CODE = YES;
				CLANG_WARN__DUPLICATE_METHOD_MATCH = YES;
				COPY_PHASE_STRIP = NO;
				DEBUG_INFORMATION_FORMAT = "dwarf-with-dsym";
				ENABLE_NS_ASSERTIONS = NO;
				ENABLE_STRICT_OBJC_MSGSEND = YES;
				GCC_C_LANGUAGE_STANDARD = gnu11;
				GCC_NO_COMMON_BLOCKS = YES;
				GCC_WARN_64_TO_32_BIT_CONVERSION = YES;
				GCC_WARN_ABOUT_RETURN_TYPE = YES_ERROR;
				GCC_WARN_UNDECLARED_SELECTOR = YES;
				GCC_WARN_UNINITIALIZED_AUTOS = YES_AGGRESSIVE;
				GCC_WARN_UNUSED_FUNCTION = YES;
				GCC_WARN_UNUSED_VARIABLE = YES;
				IPHONEOS_DEPLOYMENT_TARGET = 13.0;
				MTL_ENABLE_DEBUG_INFO = NO;
				MTL_FAST_MATH = YES;
				SDKROOT = iphoneos;
				SWIFT_COMPILATION_MODE = wholemodule;
				SWIFT_OPTIMIZATION_LEVEL = "-O";
				VALIDATE_PRODUCT = YES;
			};
			name = Release;
		};
		50F4573F27EA57D900CF9A99 /* Debug */ = {
			isa = XCBuildConfiguration;
			buildSettings = {
				ASSETCATALOG_COMPILER_APPICON_NAME = AppIcon;
				ASSETCATALOG_COMPILER_GLOBAL_ACCENT_COLOR_NAME = AccentColor;
				CODE_SIGN_STYLE = Automatic;
				CURRENT_PROJECT_VERSION = 1;
				DEVELOPMENT_TEAM = HUYT8H6334;
				GENERATE_INFOPLIST_FILE = YES;
				INFOPLIST_FILE = MovieNight/Info.plist;
				INFOPLIST_KEY_UIApplicationSupportsIndirectInputEvents = YES;
				INFOPLIST_KEY_UILaunchStoryboardName = LaunchScreen;
				INFOPLIST_KEY_UIMainStoryboardFile = Main;
				INFOPLIST_KEY_UISupportedInterfaceOrientations = UIInterfaceOrientationPortrait;
				INFOPLIST_KEY_UISupportedInterfaceOrientations_iPad = "UIInterfaceOrientationPortrait UIInterfaceOrientationPortraitUpsideDown UIInterfaceOrientationLandscapeLeft UIInterfaceOrientationLandscapeRight";
				INFOPLIST_KEY_UISupportedInterfaceOrientations_iPhone = "UIInterfaceOrientationPortrait UIInterfaceOrientationLandscapeLeft UIInterfaceOrientationLandscapeRight";
				IPHONEOS_DEPLOYMENT_TARGET = 13.0;
				LD_RUNPATH_SEARCH_PATHS = (
					"$(inherited)",
					"@executable_path/Frameworks",
				);
				MARKETING_VERSION = 1.0;
				PRODUCT_BUNDLE_IDENTIFIER = AlexChekushkin.MovieNight;
				PRODUCT_NAME = "$(TARGET_NAME)";
				SWIFT_EMIT_LOC_STRINGS = YES;
				SWIFT_VERSION = 5.0;
				TARGETED_DEVICE_FAMILY = "1,2";
			};
			name = Debug;
		};
		50F4574027EA57D900CF9A99 /* Release */ = {
			isa = XCBuildConfiguration;
			buildSettings = {
				ASSETCATALOG_COMPILER_APPICON_NAME = AppIcon;
				ASSETCATALOG_COMPILER_GLOBAL_ACCENT_COLOR_NAME = AccentColor;
				CODE_SIGN_STYLE = Automatic;
				CURRENT_PROJECT_VERSION = 1;
				DEVELOPMENT_TEAM = HUYT8H6334;
				GENERATE_INFOPLIST_FILE = YES;
				INFOPLIST_FILE = MovieNight/Info.plist;
				INFOPLIST_KEY_UIApplicationSupportsIndirectInputEvents = YES;
				INFOPLIST_KEY_UILaunchStoryboardName = LaunchScreen;
				INFOPLIST_KEY_UIMainStoryboardFile = Main;
				INFOPLIST_KEY_UISupportedInterfaceOrientations = UIInterfaceOrientationPortrait;
				INFOPLIST_KEY_UISupportedInterfaceOrientations_iPad = "UIInterfaceOrientationPortrait UIInterfaceOrientationPortraitUpsideDown UIInterfaceOrientationLandscapeLeft UIInterfaceOrientationLandscapeRight";
				INFOPLIST_KEY_UISupportedInterfaceOrientations_iPhone = "UIInterfaceOrientationPortrait UIInterfaceOrientationLandscapeLeft UIInterfaceOrientationLandscapeRight";
				IPHONEOS_DEPLOYMENT_TARGET = 13.0;
				LD_RUNPATH_SEARCH_PATHS = (
					"$(inherited)",
					"@executable_path/Frameworks",
				);
				MARKETING_VERSION = 1.0;
				PRODUCT_BUNDLE_IDENTIFIER = AlexChekushkin.MovieNight;
				PRODUCT_NAME = "$(TARGET_NAME)";
				SWIFT_EMIT_LOC_STRINGS = YES;
				SWIFT_VERSION = 5.0;
				TARGETED_DEVICE_FAMILY = "1,2";
			};
			name = Release;
		};
/* End XCBuildConfiguration section */

/* Begin XCConfigurationList section */
		50F4572527EA57D700CF9A99 /* Build configuration list for PBXProject "MovieNight" */ = {
			isa = XCConfigurationList;
			buildConfigurations = (
				50F4573C27EA57D900CF9A99 /* Debug */,
				50F4573D27EA57D900CF9A99 /* Release */,
			);
			defaultConfigurationIsVisible = 0;
			defaultConfigurationName = Release;
		};
		50F4573E27EA57D900CF9A99 /* Build configuration list for PBXNativeTarget "MovieNight" */ = {
			isa = XCConfigurationList;
			buildConfigurations = (
				50F4573F27EA57D900CF9A99 /* Debug */,
				50F4574027EA57D900CF9A99 /* Release */,
			);
			defaultConfigurationIsVisible = 0;
			defaultConfigurationName = Release;
		};
/* End XCConfigurationList section */
	};
	rootObject = 50F4572227EA57D700CF9A99 /* Project object */;
}
